{
  "name": "civet-example",
  "version": "1.0.0",
  "lockfileVersion": 2,
  "requires": true,
  "packages": {
    "": {
      "name": "civet-example",
      "version": "1.0.0",
      "license": "MIT",
      "devDependencies": {
        "@danielx/civet": "^0.4.33"
      }
    },
    "node_modules/@danielx/civet": {
      "version": "0.4.33",
      "resolved": "https://registry.npmjs.org/@danielx/civet/-/civet-0.4.33.tgz",
      "integrity": "sha512-sX3xQAqv/Y9o5netJhHPn0gTqfj6AyJbX5KDo+OOjs+aS3o0Jrz5KSBf/byvZV/j8hp8lqQ59mF9Og246BU/TQ==",
      "dev": true,
      "bin": {
        "civet": "dist/civet"
      },
      "engines": {
        "node": "^18.6.0 || ^16.17.0"
      }
    }
  },
  "dependencies": {
    "@danielx/civet": {
      "version": "0.4.33",
      "resolved": "https://registry.npmjs.org/@danielx/civet/-/civet-0.4.33.tgz",
      "integrity": "sha512-sX3xQAqv/Y9o5netJhHPn0gTqfj6AyJbX5KDo+OOjs+aS3o0Jrz5KSBf/byvZV/j8hp8lqQ59mF9Og246BU/TQ==",
      "dev": true
    }
  }
}
